
Microsoft Visual Studio Solution File, Format Version 12.00
# Visual Studio Version 17
VisualStudioVersion = 17.14.36915.13 d17.14
MinimumVisualStudioVersion = 10.0.40219.1
Project("{FAE04EC0-301F-11D3-BF4B-00C04F79EFBC}") = "MoodTrackerApp", "MoodTrackerApp\MoodTrackerApp.csproj", "{759D995C-A1C0-4ADD-A63E-ED349384BF71}"
EndProject
Global
	GlobalSection(SolutionConfigurationPlatforms) = preSolution
		Debug|Any CPU = Debug|Any CPU
		Release|Any CPU = Release|Any CPU
	EndGlobalSection
	GlobalSection(ProjectConfigurationPlatforms) = postSolution
		{759D995C-A1C0-4ADD-A63E-ED349384BF71}.Debug|Any CPU.ActiveCfg = Debug|Any CPU
		{759D995C-A1C0-4ADD-A63E-ED349384BF71}.Debug|Any CPU.Build.0 = Debug|Any CPU
		{759D995C-A1C0-4ADD-A63E-ED349384BF71}.Release|Any CPU.ActiveCfg = Release|Any CPU
		{759D995C-A1C0-4ADD-A63E-ED349384BF71}.Release|Any CPU.Build.0 = Release|Any CPU
	EndGlobalSection
	GlobalSection(SolutionProperties) = preSolution
		HideSolutionNode = FALSE
	EndGlobalSection
	GlobalSection(ExtensibilityGlobals) = postSolution
		SolutionGuid = {9E2C5912-00EA-4947-B616-DC97CF1FC7BB}
	EndGlobalSection
EndGlobal
